// !$*UTF8*$!
{
	archiveVersion = 1;
	classes = {
	};
	objectVersion = 56;
	objects = {

/* Begin PBXBuildFile section */
		BFE529C32BA70A120033D805 /* AppDelegate.swift in Sources */ = {isa = PBXBuildFile; fileRef = BFE529C22BA70A120033D805 /* AppDelegate.swift */; };
		BFE529C52BA70A120033D805 /* SceneDelegate.swift in Sources */ = {isa = PBXBuildFile; fileRef = BFE529C42BA70A120033D805 /* SceneDelegate.swift */; };
		BFE529C72BA70A120033D805 /* ViewController.swift in Sources */ = {isa = PBXBuildFile; fileRef = BFE529C62BA70A120033D805 /* ViewController.swift */; };
		BFE529CA2BA70A120033D805 /* Main.storyboard in Resources */ = {isa = PBXBuildFile; fileRef = BFE529C82BA70A120033D805 /* Main.storyboard */; };
		BFE529CC2BA70A1A0033D805 /* Assets.xcassets in Resources */ = {isa = PBXBuildFile; fileRef = BFE529CB2BA70A1A0033D805 /* Assets.xcassets */; };
		BFE529CF2BA70A1A0033D805 /* LaunchScreen.storyboard in Resources */ = {isa = PBXBuildFile; fileRef = BFE529CD2BA70A1A0033D805 /* LaunchScreen.storyboard */; };
		BFE529DA2BA70A1A0033D805 /* calculatorCircleTests.swift in Sources */ = {isa = PBXBuildFile; fileRef = BFE529D92BA70A1A0033D805 /* calculatorCircleTests.swift */; };
		BFE529E42BA70A1A0033D805 /* calculatorCircleUITests.swift in Sources */ = {isa = PBXBuildFile; fileRef = BFE529E32BA70A1A0033D805 /* calculatorCircleUITests.swift */; };
		BFE529E62BA70A1A0033D805 /* calculatorCircleUITestsLaunchTests.swift in Sources */ = {isa = PBXBuildFile; fileRef = BFE529E52BA70A1A0033D805 /* calculatorCircleUITestsLaunchTests.swift */; };
/* End PBXBuildFile section */

/* Begin PBXContainerItemProxy section */
		BFE529D62BA70A1A0033D805 /* PBXContainerItemProxy */ = {
			isa = PBXContainerItemProxy;
			containerPortal = BFE529B72BA70A120033D805 /* Project object */;
			proxyType = 1;
			remoteGlobalIDString = BFE529BE2BA70A120033D805;
			remoteInfo = calculatorCircle;
		};
		BFE529E02BA70A1A0033D805 /* PBXContainerItemProxy */ = {
			isa = PBXContainerItemProxy;
			containerPortal = BFE529B72BA70A120033D805 /* Project object */;
			proxyType = 1;
			remoteGlobalIDString = BFE529BE2BA70A120033D805;
			remoteInfo = calculatorCircle;
		};
/* End PBXContainerItemProxy section */

/* Begin PBXFileReference section */
		BFE529BF2BA70A120033D805 /* calculatorCircle.app */ = {isa = PBXFileReference; explicitFileType = wrapper.application; includeInIndex = 0; path = calculatorCircle.app; sourceTree = BUILT_PRODUCTS_DIR; };
		BFE529C22BA70A120033D805 /* AppDelegate.swift */ = {isa = PBXFileReference; lastKnownFileType = sourcecode.swift; path = AppDelegate.swift; sourceTree = "<group>"; };
		BFE529C42BA70A120033D805 /* SceneDelegate.swift */ = {isa = PBXFileReference; lastKnownFileType = sourcecode.swift; path = SceneDelegate.swift; sourceTree = "<group>"; };
		BFE529C62BA70A120033D805 /* ViewController.swift */ = {isa = PBXFileReference; lastKnownFileType = sourcecode.swift; path = ViewController.swift; sourceTree = "<group>"; };
		BFE529C92BA70A120033D805 /* Base */ = {isa = PBXFileReference; lastKnownFileType = file.storyboard; name = Base; path = Base.lproj/Main.storyboard; sourceTree = "<group>"; };
		BFE529CB2BA70A1A0033D805 /* Assets.xcassets */ = {isa = PBXFileReference; lastKnownFileType = folder.assetcatalog; path = Assets.xcassets; sourceTree = "<group>"; };
		BFE529CE2BA70A1A0033D805 /* Base */ = {isa = PBXFileReference; lastKnownFileType = file.storyboard; name = Base; path = Base.lproj/LaunchScreen.storyboard; sourceTree = "<group>"; };
		BFE529D02BA70A1A0033D805 /* Info.plist */ = {isa = PBXFileReference; lastKnownFileType = text.plist.xml; path = Info.plist; sourceTree = "<group>"; };
		BFE529D52BA70A1A0033D805 /* calculatorCircleTests.xctest */ = {isa = PBXFileReference; explicitFileType = wrapper.cfbundle; includeInIndex = 0; path = calculatorCircleTests.xctest; sourceTree = BUILT_PRODUCTS_DIR; };
		BFE529D92BA70A1A0033D805 /* calculatorCircleTests.swift */ = {isa = PBXFileReference; lastKnownFileType = sourcecode.swift; path = calculatorCircleTests.swift; sourceTree = "<group>"; };
		BFE529DF2BA70A1A0033D805 /* calculatorCircleUITests.xctest */ = {isa = PBXFileReference; explicitFileType = wrapper.cfbundle; includeInIndex = 0; path = calculatorCircleUITests.xctest; sourceTree = BUILT_PRODUCTS_DIR; };
		BFE529E32BA70A1A0033D805 /* calculatorCircleUITests.swift */ = {isa = PBXFileReference; lastKnownFileType = sourcecode.swift; path = calculatorCircleUITests.swift; sourceTree = "<group>"; };
		BFE529E52BA70A1A0033D805 /* calculatorCircleUITestsLaunchTests.swift */ = {isa = PBXFileReference; lastKnownFileType = sourcecode.swift; path = calculatorCircleUITestsLaunchTests.swift; sourceTree = "<group>"; };
/* End PBXFileReference section */

/* Begin PBXFrameworksBuildPhase section */
		BFE529BC2BA70A120033D805 /* Frameworks */ = {
			isa = PBXFrameworksBuildPhase;
			buildActionMask = 2147483647;
			files = (
			);
			runOnlyForDeploymentPostprocessing = 0;
		};
		BFE529D22BA70A1A0033D805 /* Frameworks */ = {
			isa = PBXFrameworksBuildPhase;
			buildActionMask = 2147483647;
			files = (
			);
			runOnlyForDeploymentPostprocessing = 0;
		};
		BFE529DC2BA70A1A0033D805 /* Frameworks */ = {
			isa = PBXFrameworksBuildPhase;
			buildActionMask = 2147483647;
			files = (
			);
			runOnlyForDeploymentPostprocessing = 0;
		};
/* End PBXFrameworksBuildPhase section */

/* Begin PBXGroup section */
		BFE529B62BA70A120033D805 = {
			isa = PBXGroup;
			children = (
				BFE529C12BA70A120033D805 /* calculatorCircle */,
				BFE529D82BA70A1A0033D805 /* calculatorCircleTests */,
				BFE529E22BA70A1A0033D805 /* calculatorCircleUITests */,
				BFE529C02BA70A120033D805 /* Products */,
			);
			sourceTree = "<group>";
		};
		BFE529C02BA70A120033D805 /* Products */ = {
			isa = PBXGroup;
			children = (
				BFE529BF2BA70A120033D805 /* calculatorCircle.app */,
				BFE529D52BA70A1A0033D805 /* calculatorCircleTests.xctest */,
				BFE529DF2BA70A1A0033D805 /* calculatorCircleUITests.xctest */,
			);
			name = Products;
			sourceTree = "<group>";
		};
		BFE529C12BA70A120033D805 /* calculatorCircle */ = {
			isa = PBXGroup;
			children = (
				BFE529C22BA70A120033D805 /* AppDelegate.swift */,
				BFE529C42BA70A120033D805 /* SceneDelegate.swift */,
				BFE529C62BA70A120033D805 /* ViewController.swift */,
				BFE529C82BA70A120033D805 /* Main.storyboard */,
				BFE529CB2BA70A1A0033D805 /* Assets.xcassets */,
				BFE529CD2BA70A1A0033D805 /* LaunchScreen.storyboard */,
				BFE529D02BA70A1A0033D805 /* Info.plist */,
			);
			path = calculatorCircle;
			sourceTree = "<group>";
		};
		BFE529D82BA70A1A0033D805 /* calculatorCircleTests */ = {
			isa = PBXGroup;
			children = (
				BFE529D92BA70A1A0033D805 /* calculatorCircleTests.swift */,
			);
			path = calculatorCircleTests;
			sourceTree = "<group>";
		};
		BFE529E22BA70A1A0033D805 /* calculatorCircleUITests */ = {
			isa = PBXGroup;
			children = (
				BFE529E32BA70A1A0033D805 /* calculatorCircleUITests.swift */,
				BFE529E52BA70A1A0033D805 /* calculatorCircleUITestsLaunchTests.swift */,
			);
			path = calculatorCircleUITests;
			sourceTree = "<group>";
		};
/* End PBXGroup section */

/* Begin PBXNativeTarget section */
		BFE529BE2BA70A120033D805 /* calculatorCircle */ = {
			isa = PBXNativeTarget;
			buildConfigurationList = BFE529E92BA70A1A0033D805 /* Build configuration list for PBXNativeTarget "calculatorCircle" */;
			buildPhases = (
				BFE529BB2BA70A120033D805 /* Sources */,
				BFE529BC2BA70A120033D805 /* Frameworks */,
				BFE529BD2BA70A120033D805 /* Resources */,
			);
			buildRules = (
			);
			dependencies = (
			);
			name = calculatorCircle;
			productName = calculatorCircle;
			productReference = BFE529BF2BA70A120033D805 /* calculatorCircle.app */;
			productType = "com.apple.product-type.application";
		};
		BFE529D42BA70A1A0033D805 /* calculatorCircleTests */ = {
			isa = PBXNativeTarget;
			buildConfigurationList = BFE529EC2BA70A1A0033D805 /* Build configuration list for PBXNativeTarget "calculatorCircleTests" */;
			buildPhases = (
				BFE529D12BA70A1A0033D805 /* Sources */,
				BFE529D22BA70A1A0033D805 /* Frameworks */,
				BFE529D32BA70A1A0033D805 /* Resources */,
			);
			buildRules = (
			);
			dependencies = (
				BFE529D72BA70A1A0033D805 /* PBXTargetDependency */,
			);
			name = calculatorCircleTests;
			productName = calculatorCircleTests;
			productReference = BFE529D52BA70A1A0033D805 /* calculatorCircleTests.xctest */;
			productType = "com.apple.product-type.bundle.unit-test";
		};
		BFE529DE2BA70A1A0033D805 /* calculatorCircleUITests */ = {
			isa = PBXNativeTarget;
			buildConfigurationList = BFE529EF2BA70A1A0033D805 /* Build configuration list for PBXNativeTarget "calculatorCircleUITests" */;
			buildPhases = (
				BFE529DB2BA70A1A0033D805 /* Sources */,
				BFE529DC2BA70A1A0033D805 /* Frameworks */,
				BFE529DD2BA70A1A0033D805 /* Resources */,
			);
			buildRules = (
			);
			dependencies = (
				BFE529E12BA70A1A0033D805 /* PBXTargetDependency */,
			);
			name = calculatorCircleUITests;
			productName = calculatorCircleUITests;
			productReference = BFE529DF2BA70A1A0033D805 /* calculatorCircleUITests.xctest */;
			productType = "com.apple.product-type.bundle.ui-testing";
		};
/* End PBXNativeTarget section */

/* Begin PBXProject section */
		BFE529B72BA70A120033D805 /* Project object */ = {
			isa = PBXProject;
			attributes = {
				BuildIndependentTargetsInParallel = 1;
				LastSwiftUpdateCheck = 1520;
				LastUpgradeCheck = 1520;
				TargetAttributes = {
					BFE529BE2BA70A120033D805 = {
						CreatedOnToolsVersion = 15.2;
					};
					BFE529D42BA70A1A0033D805 = {
						CreatedOnToolsVersion = 15.2;
						TestTargetID = BFE529BE2BA70A120033D805;
					};
					BFE529DE2BA70A1A0033D805 = {
						CreatedOnToolsVersion = 15.2;
						TestTargetID = BFE529BE2BA70A120033D805;
					};
				};
			};
			buildConfigurationList = BFE529BA2BA70A120033D805 /* Build configuration list for PBXProject "calculatorCircle" */;
			compatibilityVersion = "Xcode 14.0";
			developmentRegion = en;
			hasScannedForEncodings = 0;
			knownRegions = (
				en,
				Base,
			);
			mainGroup = BFE529B62BA70A120033D805;
			productRefGroup = BFE529C02BA70A120033D805 /* Products */;
			projectDirPath = "";
			projectRoot = "";
			targets = (
				BFE529BE2BA70A120033D805 /* calculatorCircle */,
				BFE529D42BA70A1A0033D805 /* calculatorCircleTests */,
				BFE529DE2BA70A1A0033D805 /* calculatorCircleUITests */,
			);
		};
/* End PBXProject section */

/* Begin PBXResourcesBuildPhase section */
		BFE529BD2BA70A120033D805 /* Resources */ = {
			isa = PBXResourcesBuildPhase;
			buildActionMask = 2147483647;
			files = (
				BFE529CF2BA70A1A0033D805 /* LaunchScreen.storyboard in Resources */,
				BFE529CC2BA70A1A0033D805 /* Assets.xcassets in Resources */,
				BFE529CA2BA70A120033D805 /* Main.storyboard in Resources */,
			);
			runOnlyForDeploymentPostprocessing = 0;
		};
		BFE529D32BA70A1A0033D805 /* Resources */ = {
			isa = PBXResourcesBuildPhase;
			buildActionMask = 2147483647;
			files = (
			);
			runOnlyForDeploymentPostprocessing = 0;
		};
		BFE529DD2BA70A1A0033D805 /* Resources */ = {
			isa = PBXResourcesBuildPhase;
			buildActionMask = 2147483647;
			files = (
			);
			runOnlyForDeploymentPostprocessing = 0;
		};
/* End PBXResourcesBuildPhase section */

/* Begin PBXSourcesBuildPhase section */
		BFE529BB2BA70A120033D805 /* Sources */ = {
			isa = PBXSourcesBuildPhase;
			buildActionMask = 2147483647;
			files = (
				BFE529C72BA70A120033D805 /* ViewController.swift in Sources */,
				BFE529C32BA70A120033D805 /* AppDelegate.swift in Sources */,
				BFE529C52BA70A120033D805 /* SceneDelegate.swift in Sources */,
			);
			runOnlyForDeploymentPostprocessing = 0;
		};
		BFE529D12BA70A1A0033D805 /* Sources */ = {
			isa = PBXSourcesBuildPhase;
			buildActionMask = 2147483647;
			files = (
				BFE529DA2BA70A1A0033D805 /* calculatorCircleTests.swift in Sources */,
			);
			runOnlyForDeploymentPostprocessing = 0;
		};
		BFE529DB2BA70A1A0033D805 /* Sources */ = {
			isa = PBXSourcesBuildPhase;
			buildActionMask = 2147483647;
			files = (
				BFE529E62BA70A1A0033D805 /* calculatorCircleUITestsLaunchTests.swift in Sources */,
				BFE529E42BA70A1A0033D805 /* calculatorCircleUITests.swift in Sources */,
			);
			runOnlyForDeploymentPostprocessing = 0;
		};
/* End PBXSourcesBuildPhase section */

/* Begin PBXTargetDependency section */
		BFE529D72BA70A1A0033D805 /* PBXTargetDependency */ = {
			isa = PBXTargetDependency;
			target = BFE529BE2BA70A120033D805 /* calculatorCircle */;
			targetProxy = BFE529D62BA70A1A0033D805 /* PBXContainerItemProxy */;
		};
		BFE529E12BA70A1A0033D805 /* PBXTargetDependency */ = {
			isa = PBXTargetDependency;
			target = BFE529BE2BA70A120033D805 /* calculatorCircle */;
			targetProxy = BFE529E02BA70A1A0033D805 /* PBXContainerItemProxy */;
		};
/* End PBXTargetDependency section */

/* Begin PBXVariantGroup section */
		BFE529C82BA70A120033D805 /* Main.storyboard */ = {
			isa = PBXVariantGroup;
			children = (
				BFE529C92BA70A120033D805 /* Base */,
			);
			name = Main.storyboard;
			sourceTree = "<group>";
		};
		BFE529CD2BA70A1A0033D805 /* LaunchScreen.storyboard */ = {
			isa = PBXVariantGroup;
			children = (
				BFE529CE2BA70A1A0033D805 /* Base */,
			);
			name = LaunchScreen.storyboard;
			sourceTree = "<group>";
		};
/* End PBXVariantGroup section */

/* Begin XCBuildConfiguration section */
		BFE529E72BA70A1A0033D805 /* Debug */ = {
			isa = XCBuildConfiguration;
			buildSettings = {
				ALWAYS_SEARCH_USER_PATHS = NO;
				ASSETCATALOG_COMPILER_GENERATE_SWIFT_ASSET_SYMBOL_EXTENSIONS = YES;
				CLANG_ANALYZER_NONNULL = YES;
				CLANG_ANALYZER_NUMBER_OBJECT_CONVERSION = YES_AGGRESSIVE;
				CLANG_CXX_LANGUAGE_STANDARD = "gnu++20";
				CLANG_ENABLE_MODULES = YES;
				CLANG_ENABLE_OBJC_ARC = YES;
				CLANG_ENABLE_OBJC_WEAK = YES;
				CLANG_WARN_BLOCK_CAPTURE_AUTORELEASING = YES;
				CLANG_WARN_BOOL_CONVERSION = YES;
				CLANG_WARN_COMMA = YES;
				CLANG_WARN_CONSTANT_CONVERSION = YES;
				CLANG_WARN_DEPRECATED_OBJC_IMPLEMENTATIONS = YES;
				CLANG_WARN_DIRECT_OBJC_ISA_USAGE = YES_ERROR;
				CLANG_WARN_DOCUMENTATION_COMMENTS = YES;
				CLANG_WARN_EMPTY_BODY = YES;
				CLANG_WARN_ENUM_CONVERSION = YES;
				CLANG_WARN_INFINITE_RECURSION = YES;
				CLANG_WARN_INT_CONVERSION = YES;
				CLANG_WARN_NON_LITERAL_NULL_CONVERSION = YES;
				CLANG_WARN_OBJC_IMPLICIT_RETAIN_SELF = YES;
				CLANG_WARN_OBJC_LITERAL_CONVERSION = YES;
				CLANG_WARN_OBJC_ROOT_CLASS = YES_ERROR;
				CLANG_WARN_QUOTED_INCLUDE_IN_FRAMEWORK_HEADER = YES;
				CLANG_WARN_RANGE_LOOP_ANALYSIS = YES;
				CLANG_WARN_STRICT_PROTOTYPES = YES;
				CLANG_WARN_SUSPICIOUS_MOVE = YES;
				CLANG_WARN_UNGUARDED_AVAILABILITY = YES_AGGRESSIVE;
				CLANG_WARN_UNREACHABLE_CODE = YES;
				CLANG_WARN__DUPLICATE_METHOD_MATCH = YES;
				COPY_PHASE_STRIP = NO;
				DEBUG_INFORMATION_FORMAT = dwarf;
				ENABLE_STRICT_OBJC_MSGSEND = YES;
				ENABLE_TESTABILITY = YES;
				ENABLE_USER_SCRIPT_SANDBOXING = YES;
				GCC_C_LANGUAGE_STANDARD = gnu17;
				GCC_DYNAMIC_NO_PIC = NO;
				GCC_NO_COMMON_BLOCKS = YES;
				GCC_OPTIMIZATION_LEVEL = 0;
				GCC_PREPROCESSOR_DEFINITIONS = (
					"DEBUG=1",
					"$(inherited)",
				);
				GCC_WARN_64_TO_32_BIT_CONVERSION = YES;
				GCC_WARN_ABOUT_RETURN_TYPE = YES_ERROR;
				GCC_WARN_UNDECLARED_SELECTOR = YES;
				GCC_WARN_UNINITIALIZED_AUTOS = YES_AGGRESSIVE;
				GCC_WARN_UNUSED_FUNCTION = YES;
				GCC_WARN_UNUSED_VARIABLE = YES;
				IPHONEOS_DEPLOYMENT_TARGET = 17.2;
				LOCALIZATION_PREFERS_STRING_CATALOGS = YES;
				MTL_ENABLE_DEBUG_INFO = INCLUDE_SOURCE;
				MTL_FAST_MATH = YES;
				ONLY_ACTIVE_ARCH = YES;
				SDKROOT = iphoneos;
				SWIFT_ACTIVE_COMPILATION_CONDITIONS = "DEBUG $(inherited)";
				SWIFT_OPTIMIZATION_LEVEL = "-Onone";
			};
			name = Debug;
		};
		BFE529E82BA70A1A0033D805 /* Release */ = {
			isa = XCBuildConfiguration;
			buildSettings = {
				ALWAYS_SEARCH_USER_PATHS = NO;
				ASSETCATALOG_COMPILER_GENERATE_SWIFT_ASSET_SYMBOL_EXTENSIONS = YES;
				CLANG_ANALYZER_NONNULL = YES;
				CLANG_ANALYZER_NUMBER_OBJECT_CONVERSION = YES_AGGRESSIVE;
				CLANG_CXX_LANGUAGE_STANDARD = "gnu++20";
				CLANG_ENABLE_MODULES = YES;
				CLANG_ENABLE_OBJC_ARC = YES;
				CLANG_ENABLE_OBJC_WEAK = YES;
				CLANG_WARN_BLOCK_CAPTURE_AUTORELEASING = YES;
				CLANG_WARN_BOOL_CONVERSION = YES;
				CLANG_WARN_COMMA = YES;
				CLANG_WARN_CONSTANT_CONVERSION = YES;
				CLANG_WARN_DEPRECATED_OBJC_IMPLEMENTATIONS = YES;
				CLANG_WARN_DIRECT_OBJC_ISA_USAGE = YES_ERROR;
				CLANG_WARN_DOCUMENTATION_COMMENTS = YES;
				CLANG_WARN_EMPTY_BODY = YES;
				CLANG_WARN_ENUM_CONVERSION = YES;
				CLANG_WARN_INFINITE_RECURSION = YES;
				CLANG_WARN_INT_CONVERSION = YES;
				CLANG_WARN_NON_LITERAL_NULL_CONVERSION = YES;
				CLANG_WARN_OBJC_IMPLICIT_RETAIN_SELF = YES;
				CLANG_WARN_OBJC_LITERAL_CONVERSION = YES;
				CLANG_WARN_OBJC_ROOT_CLASS = YES_ERROR;
				CLANG_WARN_QUOTED_INCLUDE_IN_FRAMEWORK_HEADER = YES;
				CLANG_WARN_RANGE_LOOP_ANALYSIS = YES;
				CLANG_WARN_STRICT_PROTOTYPES = YES;
				CLANG_WARN_SUSPICIOUS_MOVE = YES;
				CLANG_WARN_UNGUARDED_AVAILABILITY = YES_AGGRESSIVE;
				CLANG_WARN_UNREACHABLE_CODE = YES;
				CLANG_WARN__DUPLICATE_METHOD_MATCH = YES;
				COPY_PHASE_STRIP = NO;
				DEBUG_INFORMATION_FORMAT = "dwarf-with-dsym";
				ENABLE_NS_ASSERTIONS = NO;
				ENABLE_STRICT_OBJC_MSGSEND = YES;
				ENABLE_USER_SCRIPT_SANDBOXING = YES;
				GCC_C_LANGUAGE_STANDARD = gnu17;
				GCC_NO_COMMON_BLOCKS = YES;
				GCC_WARN_64_TO_32_BIT_CONVERSION = YES;
				GCC_WARN_ABOUT_RETURN_TYPE = YES_ERROR;
				GCC_WARN_UNDECLARED_SELECTOR = YES;
				GCC_WARN_UNINITIALIZED_AUTOS = YES_AGGRESSIVE;
				GCC_WARN_UNUSED_FUNCTION = YES;
				GCC_WARN_UNUSED_VARIABLE = YES;
				IPHONEOS_DEPLOYMENT_TARGET = 17.2;
				LOCALIZATION_PREFERS_STRING_CATALOGS = YES;
				MTL_ENABLE_DEBUG_INFO = NO;
				MTL_FAST_MATH = YES;
				SDKROOT = iphoneos;
				SWIFT_COMPILATION_MODE = wholemodule;
				VALIDATE_PRODUCT = YES;
			};
			name = Release;
		};
		BFE529EA2BA70A1A0033D805 /* Debug */ = {
			isa = XCBuildConfiguration;
			buildSettings = {
				ASSETCATALOG_COMPILER_APPICON_NAME = AppIcon;
				ASSETCATALOG_COMPILER_GLOBAL_ACCENT_COLOR_NAME = AccentColor;
				CODE_SIGN_STYLE = Automatic;
				CURRENT_PROJECT_VERSION = 1;
				DEVELOPMENT_TEAM = ACFFYDDU5A;
				GENERATE_INFOPLIST_FILE = YES;
				INFOPLIST_FILE = calculatorCircle/Info.plist;
				INFOPLIST_KEY_UIApplicationSupportsIndirectInputEvents = YES;
				INFOPLIST_KEY_UILaunchStoryboardName = LaunchScreen;
				INFOPLIST_KEY_UIMainStoryboardFile = Main;
				INFOPLIST_KEY_UISupportedInterfaceOrientations_iPad = "UIInterfaceOrientationPortrait UIInterfaceOrientationPortraitUpsideDown UIInterfaceOrientationLandscapeLeft UIInterfaceOrientationLandscapeRight";
				INFOPLIST_KEY_UISupportedInterfaceOrientations_iPhone = "UIInterfaceOrientationPortrait UIInterfaceOrientationLandscapeLeft UIInterfaceOrientationLandscapeRight";
				LD_RUNPATH_SEARCH_PATHS = (
					"$(inherited)",
					"@executable_path/Frameworks",
				);
				MARKETING_VERSION = 1.0;
				PRODUCT_BUNDLE_IDENTIFIER = mmm.calculatorCircle;
				PRODUCT_NAME = "$(TARGET_NAME)";
				SWIFT_EMIT_LOC_STRINGS = YES;
				SWIFT_VERSION = 5.0;
				TARGETED_DEVICE_FAMILY = "1,2";
			};
			name = Debug;
		};
		BFE529EB2BA70A1A0033D805 /* Release */ = {
			isa = XCBuildConfiguration;
			buildSettings = {
				ASSETCATALOG_COMPILER_APPICON_NAME = AppIcon;
				ASSETCATALOG_COMPILER_GLOBAL_ACCENT_COLOR_NAME = AccentColor;
				CODE_SIGN_STYLE = Automatic;
				CURRENT_PROJECT_VERSION = 1;
				DEVELOPMENT_TEAM = ACFFYDDU5A;
				GENERATE_INFOPLIST_FILE = YES;
				INFOPLIST_FILE = calculatorCircle/Info.plist;
				INFOPLIST_KEY_UIApplicationSupportsIndirectInputEvents = YES;
				INFOPLIST_KEY_UILaunchStoryboardName = LaunchScreen;
				INFOPLIST_KEY_UIMainStoryboardFile = Main;
				INFOPLIST_KEY_UISupportedInterfaceOrientations_iPad = "UIInterfaceOrientationPortrait UIInterfaceOrientationPortraitUpsideDown UIInterfaceOrientationLandscapeLeft UIInterfaceOrientationLandscapeRight";
				INFOPLIST_KEY_UISupportedInterfaceOrientations_iPhone = "UIInterfaceOrientationPortrait UIInterfaceOrientationLandscapeLeft UIInterfaceOrientationLandscapeRight";
				LD_RUNPATH_SEARCH_PATHS = (
					"$(inherited)",
					"@executable_path/Frameworks",
				);
				MARKETING_VERSION = 1.0;
				PRODUCT_BUNDLE_IDENTIFIER = mmm.calculatorCircle;
				PRODUCT_NAME = "$(TARGET_NAME)";
				SWIFT_EMIT_LOC_STRINGS = YES;
				SWIFT_VERSION = 5.0;
				TARGETED_DEVICE_FAMILY = "1,2";
			};
			name = Release;
		};
		BFE529ED2BA70A1A0033D805 /* Debug */ = {
			isa = XCBuildConfiguration;
			buildSettings = {
				ALWAYS_EMBED_SWIFT_STANDARD_LIBRARIES = YES;
				BUNDLE_LOADER = "$(TEST_HOST)";
				CODE_SIGN_STYLE = Automatic;
				CURRENT_PROJECT_VERSION = 1;
				DEVELOPMENT_TEAM = ACFFYDDU5A;
				GENERATE_INFOPLIST_FILE = YES;
				IPHONEOS_DEPLOYMENT_TARGET = 17.2;
				MARKETING_VERSION = 1.0;
				PRODUCT_BUNDLE_IDENTIFIER = mmm.calculatorCircleTests;
				PRODUCT_NAME = "$(TARGET_NAME)";
				SWIFT_EMIT_LOC_STRINGS = NO;
				SWIFT_VERSION = 5.0;
				TARGETED_DEVICE_FAMILY = "1,2";
				TEST_HOST = "$(BUILT_PRODUCTS_DIR)/calculatorCircle.app/$(BUNDLE_EXECUTABLE_FOLDER_PATH)/calculatorCircle";
			};
			name = Debug;
		};
		BFE529EE2BA70A1A0033D805 /* Release */ = {
			isa = XCBuildConfiguration;
			buildSettings = {
				ALWAYS_EMBED_SWIFT_STANDARD_LIBRARIES = YES;
				BUNDLE_LOADER = "$(TEST_HOST)";
				CODE_SIGN_STYLE = Automatic;
				CURRENT_PROJECT_VERSION = 1;
				DEVELOPMENT_TEAM = ACFFYDDU5A;
				GENERATE_INFOPLIST_FILE = YES;
				IPHONEOS_DEPLOYMENT_TARGET = 17.2;
				MARKETING_VERSION = 1.0;
				PRODUCT_BUNDLE_IDENTIFIER = mmm.calculatorCircleTests;
				PRODUCT_NAME = "$(TARGET_NAME)";
				SWIFT_EMIT_LOC_STRINGS = NO;
				SWIFT_VERSION = 5.0;
				TARGETED_DEVICE_FAMILY = "1,2";
				TEST_HOST = "$(BUILT_PRODUCTS_DIR)/calculatorCircle.app/$(BUNDLE_EXECUTABLE_FOLDER_PATH)/calculatorCircle";
			};
			name = Release;
		};
		BFE529F02BA70A1A0033D805 /* Debug */ = {
			isa = XCBuildConfiguration;
			buildSettings = {
				ALWAYS_EMBED_SWIFT_STANDARD_LIBRARIES = YES;
				CODE_SIGN_STYLE = Automatic;
				CURRENT_PROJECT_VERSION = 1;
				DEVELOPMENT_TEAM = ACFFYDDU5A;
				GENERATE_INFOPLIST_FILE = YES;
				MARKETING_VERSION = 1.0;
				PRODUCT_BUNDLE_IDENTIFIER = mmm.calculatorCircleUITests;
				PRODUCT_NAME = "$(TARGET_NAME)";
				SWIFT_EMIT_LOC_STRINGS = NO;
				SWIFT_VERSION = 5.0;
				TARGETED_DEVICE_FAMILY = "1,2";
				TEST_TARGET_NAME = calculatorCircle;
			};
			name = Debug;
		};
		BFE529F12BA70A1A0033D805 /* Release */ = {
			isa = XCBuildConfiguration;
			buildSettings = {
				ALWAYS_EMBED_SWIFT_STANDARD_LIBRARIES = YES;
				CODE_SIGN_STYLE = Automatic;
				CURRENT_PROJECT_VERSION = 1;
				DEVELOPMENT_TEAM = ACFFYDDU5A;
				GENERATE_INFOPLIST_FILE = YES;
				MARKETING_VERSION = 1.0;
				PRODUCT_BUNDLE_IDENTIFIER = mmm.calculatorCircleUITests;
				PRODUCT_NAME = "$(TARGET_NAME)";
				SWIFT_EMIT_LOC_STRINGS = NO;
				SWIFT_VERSION = 5.0;
				TARGETED_DEVICE_FAMILY = "1,2";
				TEST_TARGET_NAME = calculatorCircle;
			};
			name = Release;
		};
/* End XCBuildConfiguration section */

/* Begin XCConfigurationList section */
		BFE529BA2BA70A120033D805 /* Build configuration list for PBXProject "calculatorCircle" */ = {
			isa = XCConfigurationList;
			buildConfigurations = (
				BFE529E72BA70A1A0033D805 /* Debug */,
				BFE529E82BA70A1A0033D805 /* Release */,
			);
			defaultConfigurationIsVisible = 0;
			defaultConfigurationName = Release;
		};
		BFE529E92BA70A1A0033D805 /* Build configuration list for PBXNativeTarget "calculatorCircle" */ = {
			isa = XCConfigurationList;
			buildConfigurations = (
				BFE529EA2BA70A1A0033D805 /* Debug */,
				BFE529EB2BA70A1A0033D805 /* Release */,
			);
			defaultConfigurationIsVisible = 0;
			defaultConfigurationName = Release;
		};
		BFE529EC2BA70A1A0033D805 /* Build configuration list for PBXNativeTarget "calculatorCircleTests" */ = {
			isa = XCConfigurationList;
			buildConfigurations = (
				BFE529ED2BA70A1A0033D805 /* Debug */,
				BFE529EE2BA70A1A0033D805 /* Release */,
			);
			defaultConfigurationIsVisible = 0;
			defaultConfigurationName = Release;
		};
		BFE529EF2BA70A1A0033D805 /* Build configuration list for PBXNativeTarget "calculatorCircleUITests" */ = {
			isa = XCConfigurationList;
			buildConfigurations = (
				BFE529F02BA70A1A0033D805 /* Debug */,
				BFE529F12BA70A1A0033D805 /* Release */,
			);
			defaultConfigurationIsVisible = 0;
			defaultConfigurationName = Release;
		};
/* End XCConfigurationList section */
	};
	rootObject = BFE529B72BA70A120033D805 /* Project object */;
}
